{
  "originHash" : "d243b9fe5d1f663bdfb4644c440c74509f0e0009610fe1e5ca2398e2d5631cb7",
  "pins" : [
    {
      "identity" : "appdbsdk",
      "kind" : "remoteSourceControl",
      "location" : "https://github.com/appdb-official/AppdbSDK",
      "state" : {
        "revision" : "ea0db9c9b91cc605698ede361bf00aa0e127b961",
        "version" : "1.6.2"
      }
    },
    {
      "identity" : "codeeditorview",
      "kind" : "remoteSourceControl",
      "location" : "https://github.com/mchakravarty/CodeEditorView",
      "state" : {
        "revision" : "aba6c189bb2f6fd9d7b8e9f5739aeb3c8c7e3254",
        "version" : "0.15.4"
      }
    },
    {
      "identity" : "rearrange",
      "kind" : "remoteSourceControl",
      "location" : "https://github.com/ChimeHQ/Rearrange.git",
      "state" : {
        "revision" : "5ff7f3363f7a08f77e0d761e38e6add31c2136e1",
        "version" : "1.8.1"
      }
    },
    {
      "identity" : "swiftui-pipify",
      "kind" : "remoteSourceControl",
      "location" : "https://github.com/hugeBlack/swiftui-pipify",
      "state" : {
        "branch" : "main",
        "revision" : "a1ec2fd1781c8289bff1a8b3f664dcf21c910efb"
      }
    }
  ],
  "version" : 3
}
